
Microsoft Visual Studio Solution File, Format Version 12.00
# Visual Studio Version 17
VisualStudioVersion = 17.0.31903.59
MinimumVisualStudioVersion = 10.0.40219.1
Project("{2150E333-8FDC-42A3-9474-1A3956D46DE8}") = "src", "src", "{827E0CD3-B72D-47B6-A68D-7590B98EB39B}"
EndProject
Project("{FAE04EC0-301F-11D3-BF4B-00C04F79EFBC}") = "AdbSharp.Adb", "src\AdbSharp.Adb\AdbSharp.Adb.csproj", "{69E74432-5BB6-462D-BD82-CD0657F54D16}"
EndProject
Project("{FAE04EC0-301F-11D3-BF4B-00C04F79EFBC}") = "AdbSharp.Authentication", "src\AdbSharp.Authentication\AdbSharp.Authentication.csproj", "{63974F49-5DD6-4E98-B7AC-61A295FEA70D}"
EndProject
Project("{FAE04EC0-301F-11D3-BF4B-00C04F79EFBC}") = "AdbSharp.Common", "src\AdbSharp.Common\AdbSharp.Common.csproj", "{6C14366A-0966-42FD-9D30-D44005FB8B0F}"
EndProject
Project("{FAE04EC0-301F-11D3-BF4B-00C04F79EFBC}") = "AdbSharp.Fastboot", "src\AdbSharp.Fastboot\AdbSharp.Fastboot.csproj", "{2C7E025A-03AF-4189-A6AF-09882B8393E2}"
EndProject
Project("{FAE04EC0-301F-11D3-BF4B-00C04F79EFBC}") = "AdbSharp.Fastbootd", "src\AdbSharp.Fastbootd\AdbSharp.Fastbootd.csproj", "{073076DF-0868-4F0F-8661-1FA594413456}"
EndProject
Project("{FAE04EC0-301F-11D3-BF4B-00C04F79EFBC}") = "AdbSharp.Platform.Linux", "src\AdbSharp.Platform.Linux\AdbSharp.Platform.Linux.csproj", "{70EC7FCB-D844-4A4B-B2BE-BF112716F729}"
EndProject
Project("{FAE04EC0-301F-11D3-BF4B-00C04F79EFBC}") = "AdbSharp.Platform.Mac", "src\AdbSharp.Platform.Mac\AdbSharp.Platform.Mac.csproj", "{4A9FF86C-3607-4B32-8376-B9FE5BDA5B63}"
EndProject
Project("{FAE04EC0-301F-11D3-BF4B-00C04F79EFBC}") = "AdbSharp.Platform.Windows", "src\AdbSharp.Platform.Windows\AdbSharp.Platform.Windows.csproj", "{DDBCFCA0-743C-4127-A32D-61BC1F9DE6AC}"
EndProject
Project("{FAE04EC0-301F-11D3-BF4B-00C04F79EFBC}") = "AdbSharp.Protocol", "src\AdbSharp.Protocol\AdbSharp.Protocol.csproj", "{B3FD3867-F4C8-4D63-8E4E-E47D26C063B6}"
EndProject
Project("{FAE04EC0-301F-11D3-BF4B-00C04F79EFBC}") = "AdbSharp.Transport", "src\AdbSharp.Transport\AdbSharp.Transport.csproj", "{D42359DC-9E59-42CE-BFD8-6ABAC2F2D955}"
EndProject
Project("{FAE04EC0-301F-11D3-BF4B-00C04F79EFBC}") = "AdbSharp", "src\AdbSharp\AdbSharp.csproj", "{A9BE3E26-B525-41FD-AE84-D44B02846B83}"
EndProject
Project("{2150E333-8FDC-42A3-9474-1A3956D46DE8}") = "tests", "tests", "{0AB3BF05-4346-4AA6-1389-037BE0695223}"
EndProject
Project("{FAE04EC0-301F-11D3-BF4B-00C04F79EFBC}") = "AdbSharp.IntegrationTests", "tests\AdbSharp.IntegrationTests\AdbSharp.IntegrationTests.csproj", "{5EC81DC9-4123-4C88-9611-BF8E60726A20}"
EndProject
Project("{FAE04EC0-301F-11D3-BF4B-00C04F79EFBC}") = "AdbSharp.Tests", "tests\AdbSharp.Tests\AdbSharp.Tests.csproj", "{CBB97AE1-F993-472E-8AF7-7137F32EEE1E}"
EndProject
Project("{2150E333-8FDC-42A3-9474-1A3956D46DE8}") = "samples", "samples", "{5D20AA90-6969-D8BD-9DCD-8634F4692FDA}"
EndProject
Project("{FAE04EC0-301F-11D3-BF4B-00C04F79EFBC}") = "AdbSharp.Console", "samples\AdbSharp.Console\AdbSharp.Console.csproj", "{0E10515D-9C81-45C9-B21F-6C78F3612616}"
EndProject
Global
	GlobalSection(SolutionConfigurationPlatforms) = preSolution
		Debug|Any CPU = Debug|Any CPU
		Debug|x64 = Debug|x64
		Debug|x86 = Debug|x86
		Release|Any CPU = Release|Any CPU
		Release|x64 = Release|x64
		Release|x86 = Release|x86
	EndGlobalSection
	GlobalSection(ProjectConfigurationPlatforms) = postSolution
		{69E74432-5BB6-462D-BD82-CD0657F54D16}.Debug|Any CPU.ActiveCfg = Debug|Any CPU
		{69E74432-5BB6-462D-BD82-CD0657F54D16}.Debug|Any CPU.Build.0 = Debug|Any CPU
		{69E74432-5BB6-462D-BD82-CD0657F54D16}.Debug|x64.ActiveCfg = Debug|Any CPU
		{69E74432-5BB6-462D-BD82-CD0657F54D16}.Debug|x64.Build.0 = Debug|Any CPU
		{69E74432-5BB6-462D-BD82-CD0657F54D16}.Debug|x86.ActiveCfg = Debug|Any CPU
		{69E74432-5BB6-462D-BD82-CD0657F54D16}.Debug|x86.Build.0 = Debug|Any CPU
		{69E74432-5BB6-462D-BD82-CD0657F54D16}.Release|Any CPU.ActiveCfg = Release|Any CPU
		{69E74432-5BB6-462D-BD82-CD0657F54D16}.Release|Any CPU.Build.0 = Release|Any CPU
		{69E74432-5BB6-462D-BD82-CD0657F54D16}.Release|x64.ActiveCfg = Release|Any CPU
		{69E74432-5BB6-462D-BD82-CD0657F54D16}.Release|x64.Build.0 = Release|Any CPU
		{69E74432-5BB6-462D-BD82-CD0657F54D16}.Release|x86.ActiveCfg = Release|Any CPU
		{69E74432-5BB6-462D-BD82-CD0657F54D16}.Release|x86.Build.0 = Release|Any CPU
		{63974F49-5DD6-4E98-B7AC-61A295FEA70D}.Debug|Any CPU.ActiveCfg = Debug|Any CPU
		{63974F49-5DD6-4E98-B7AC-61A295FEA70D}.Debug|Any CPU.Build.0 = Debug|Any CPU
		{63974F49-5DD6-4E98-B7AC-61A295FEA70D}.Debug|x64.ActiveCfg = Debug|Any CPU
		{63974F49-5DD6-4E98-B7AC-61A295FEA70D}.Debug|x64.Build.0 = Debug|Any CPU
		{63974F49-5DD6-4E98-B7AC-61A295FEA70D}.Debug|x86.ActiveCfg = Debug|Any CPU
		{63974F49-5DD6-4E98-B7AC-61A295FEA70D}.Debug|x86.Build.0 = Debug|Any CPU
		{63974F49-5DD6-4E98-B7AC-61A295FEA70D}.Release|Any CPU.ActiveCfg = Release|Any CPU
		{63974F49-5DD6-4E98-B7AC-61A295FEA70D}.Release|Any CPU.Build.0 = Release|Any CPU
		{63974F49-5DD6-4E98-B7AC-61A295FEA70D}.Release|x64.ActiveCfg = Release|Any CPU
		{63974F49-5DD6-4E98-B7AC-61A295FEA70D}.Release|x64.Build.0 = Release|Any CPU
		{63974F49-5DD6-4E98-B7AC-61A295FEA70D}.Release|x86.ActiveCfg = Release|Any CPU
		{63974F49-5DD6-4E98-B7AC-61A295FEA70D}.Release|x86.Build.0 = Release|Any CPU
		{6C14366A-0966-42FD-9D30-D44005FB8B0F}.Debug|Any CPU.ActiveCfg = Debug|Any CPU
		{6C14366A-0966-42FD-9D30-D44005FB8B0F}.Debug|Any CPU.Build.0 = Debug|Any CPU
		{6C14366A-0966-42FD-9D30-D44005FB8B0F}.Debug|x64.ActiveCfg = Debug|Any CPU
		{6C14366A-0966-42FD-9D30-D44005FB8B0F}.Debug|x64.Build.0 = Debug|Any CPU
		{6C14366A-0966-42FD-9D30-D44005FB8B0F}.Debug|x86.ActiveCfg = Debug|Any CPU
		{6C14366A-0966-42FD-9D30-D44005FB8B0F}.Debug|x86.Build.0 = Debug|Any CPU
		{6C14366A-0966-42FD-9D30-D44005FB8B0F}.Release|Any CPU.ActiveCfg = Release|Any CPU
		{6C14366A-0966-42FD-9D30-D44005FB8B0F}.Release|Any CPU.Build.0 = Release|Any CPU
		{6C14366A-0966-42FD-9D30-D44005FB8B0F}.Release|x64.ActiveCfg = Release|Any CPU
		{6C14366A-0966-42FD-9D30-D44005FB8B0F}.Release|x64.Build.0 = Release|Any CPU
		{6C14366A-0966-42FD-9D30-D44005FB8B0F}.Release|x86.ActiveCfg = Release|Any CPU
		{6C14366A-0966-42FD-9D30-D44005FB8B0F}.Release|x86.Build.0 = Release|Any CPU
		{2C7E025A-03AF-4189-A6AF-09882B8393E2}.Debug|Any CPU.ActiveCfg = Debug|Any CPU
		{2C7E025A-03AF-4189-A6AF-09882B8393E2}.Debug|Any CPU.Build.0 = Debug|Any CPU
		{2C7E025A-03AF-4189-A6AF-09882B8393E2}.Debug|x64.ActiveCfg = Debug|Any CPU
		{2C7E025A-03AF-4189-A6AF-09882B8393E2}.Debug|x64.Build.0 = Debug|Any CPU
		{2C7E025A-03AF-4189-A6AF-09882B8393E2}.Debug|x86.ActiveCfg = Debug|Any CPU
		{2C7E025A-03AF-4189-A6AF-09882B8393E2}.Debug|x86.Build.0 = Debug|Any CPU
		{2C7E025A-03AF-4189-A6AF-09882B8393E2}.Release|Any CPU.ActiveCfg = Release|Any CPU
		{2C7E025A-03AF-4189-A6AF-09882B8393E2}.Release|Any CPU.Build.0 = Release|Any CPU
		{2C7E025A-03AF-4189-A6AF-09882B8393E2}.Release|x64.ActiveCfg = Release|Any CPU
		{2C7E025A-03AF-4189-A6AF-09882B8393E2}.Release|x64.Build.0 = Release|Any CPU
		{2C7E025A-03AF-4189-A6AF-09882B8393E2}.Release|x86.ActiveCfg = Release|Any CPU
		{2C7E025A-03AF-4189-A6AF-09882B8393E2}.Release|x86.Build.0 = Release|Any CPU
		{073076DF-0868-4F0F-8661-1FA594413456}.Debug|Any CPU.ActiveCfg = Debug|Any CPU
		{073076DF-0868-4F0F-8661-1FA594413456}.Debug|Any CPU.Build.0 = Debug|Any CPU
		{073076DF-0868-4F0F-8661-1FA594413456}.Debug|x64.ActiveCfg = Debug|Any CPU
		{073076DF-0868-4F0F-8661-1FA594413456}.Debug|x64.Build.0 = Debug|Any CPU
		{073076DF-0868-4F0F-8661-1FA594413456}.Debug|x86.ActiveCfg = Debug|Any CPU
		{073076DF-0868-4F0F-8661-1FA594413456}.Debug|x86.Build.0 = Debug|Any CPU
		{073076DF-0868-4F0F-8661-1FA594413456}.Release|Any CPU.ActiveCfg = Release|Any CPU
		{073076DF-0868-4F0F-8661-1FA594413456}.Release|Any CPU.Build.0 = Release|Any CPU
		{073076DF-0868-4F0F-8661-1FA594413456}.Release|x64.ActiveCfg = Release|Any CPU
		{073076DF-0868-4F0F-8661-1FA594413456}.Release|x64.Build.0 = Release|Any CPU
		{073076DF-0868-4F0F-8661-1FA594413456}.Release|x86.ActiveCfg = Release|Any CPU
		{073076DF-0868-4F0F-8661-1FA594413456}.Release|x86.Build.0 = Release|Any CPU
		{70EC7FCB-D844-4A4B-B2BE-BF112716F729}.Debug|Any CPU.ActiveCfg = Debug|Any CPU
		{70EC7FCB-D844-4A4B-B2BE-BF112716F729}.Debug|Any CPU.Build.0 = Debug|Any CPU
		{70EC7FCB-D844-4A4B-B2BE-BF112716F729}.Debug|x64.ActiveCfg = Debug|Any CPU
		{70EC7FCB-D844-4A4B-B2BE-BF112716F729}.Debug|x64.Build.0 = Debug|Any CPU
		{70EC7FCB-D844-4A4B-B2BE-BF112716F729}.Debug|x86.ActiveCfg = Debug|Any CPU
		{70EC7FCB-D844-4A4B-B2BE-BF112716F729}.Debug|x86.Build.0 = Debug|Any CPU
		{70EC7FCB-D844-4A4B-B2BE-BF112716F729}.Release|Any CPU.ActiveCfg = Release|Any CPU
		{70EC7FCB-D844-4A4B-B2BE-BF112716F729}.Release|Any CPU.Build.0 = Release|Any CPU
		{70EC7FCB-D844-4A4B-B2BE-BF112716F729}.Release|x64.ActiveCfg = Release|Any CPU
		{70EC7FCB-D844-4A4B-B2BE-BF112716F729}.Release|x64.Build.0 = Release|Any CPU
		{70EC7FCB-D844-4A4B-B2BE-BF112716F729}.Release|x86.ActiveCfg = Release|Any CPU
		{70EC7FCB-D844-4A4B-B2BE-BF112716F729}.Release|x86.Build.0 = Release|Any CPU
		{4A9FF86C-3607-4B32-8376-B9FE5BDA5B63}.Debug|Any CPU.ActiveCfg = Debug|Any CPU
		{4A9FF86C-3607-4B32-8376-B9FE5BDA5B63}.Debug|Any CPU.Build.0 = Debug|Any CPU
		{4A9FF86C-3607-4B32-8376-B9FE5BDA5B63}.Debug|x64.ActiveCfg = Debug|Any CPU
		{4A9FF86C-3607-4B32-8376-B9FE5BDA5B63}.Debug|x64.Build.0 = Debug|Any CPU
		{4A9FF86C-3607-4B32-8376-B9FE5BDA5B63}.Debug|x86.ActiveCfg = Debug|Any CPU
		{4A9FF86C-3607-4B32-8376-B9FE5BDA5B63}.Debug|x86.Build.0 = Debug|Any CPU
		{4A9FF86C-3607-4B32-8376-B9FE5BDA5B63}.Release|Any CPU.ActiveCfg = Release|Any CPU
		{4A9FF86C-3607-4B32-8376-B9FE5BDA5B63}.Release|Any CPU.Build.0 = Release|Any CPU
		{4A9FF86C-3607-4B32-8376-B9FE5BDA5B63}.Release|x64.ActiveCfg = Release|Any CPU
		{4A9FF86C-3607-4B32-8376-B9FE5BDA5B63}.Release|x64.Build.0 = Release|Any CPU
		{4A9FF86C-3607-4B32-8376-B9FE5BDA5B63}.Release|x86.ActiveCfg = Release|Any CPU
		{4A9FF86C-3607-4B32-8376-B9FE5BDA5B63}.Release|x86.Build.0 = Release|Any CPU
		{DDBCFCA0-743C-4127-A32D-61BC1F9DE6AC}.Debug|Any CPU.ActiveCfg = Debug|Any CPU
		{DDBCFCA0-743C-4127-A32D-61BC1F9DE6AC}.Debug|Any CPU.Build.0 = Debug|Any CPU
		{DDBCFCA0-743C-4127-A32D-61BC1F9DE6AC}.Debug|x64.ActiveCfg = Debug|Any CPU
		{DDBCFCA0-743C-4127-A32D-61BC1F9DE6AC}.Debug|x64.Build.0 = Debug|Any CPU
		{DDBCFCA0-743C-4127-A32D-61BC1F9DE6AC}.Debug|x86.ActiveCfg = Debug|Any CPU
		{DDBCFCA0-743C-4127-A32D-61BC1F9DE6AC}.Debug|x86.Build.0 = Debug|Any CPU
		{DDBCFCA0-743C-4127-A32D-61BC1F9DE6AC}.Release|Any CPU.ActiveCfg = Release|Any CPU
		{DDBCFCA0-743C-4127-A32D-61BC1F9DE6AC}.Release|Any CPU.Build.0 = Release|Any CPU
		{DDBCFCA0-743C-4127-A32D-61BC1F9DE6AC}.Release|x64.ActiveCfg = Release|Any CPU
		{DDBCFCA0-743C-4127-A32D-61BC1F9DE6AC}.Release|x64.Build.0 = Release|Any CPU
		{DDBCFCA0-743C-4127-A32D-61BC1F9DE6AC}.Release|x86.ActiveCfg = Release|Any CPU
		{DDBCFCA0-743C-4127-A32D-61BC1F9DE6AC}.Release|x86.Build.0 = Release|Any CPU
		{B3FD3867-F4C8-4D63-8E4E-E47D26C063B6}.Debug|Any CPU.ActiveCfg = Debug|Any CPU
		{B3FD3867-F4C8-4D63-8E4E-E47D26C063B6}.Debug|Any CPU.Build.0 = Debug|Any CPU
		{B3FD3867-F4C8-4D63-8E4E-E47D26C063B6}.Debug|x64.ActiveCfg = Debug|Any CPU
		{B3FD3867-F4C8-4D63-8E4E-E47D26C063B6}.Debug|x64.Build.0 = Debug|Any CPU
		{B3FD3867-F4C8-4D63-8E4E-E47D26C063B6}.Debug|x86.ActiveCfg = Debug|Any CPU
		{B3FD3867-F4C8-4D63-8E4E-E47D26C063B6}.Debug|x86.Build.0 = Debug|Any CPU
		{B3FD3867-F4C8-4D63-8E4E-E47D26C063B6}.Release|Any CPU.ActiveCfg = Release|Any CPU
		{B3FD3867-F4C8-4D63-8E4E-E47D26C063B6}.Release|Any CPU.Build.0 = Release|Any CPU
		{B3FD3867-F4C8-4D63-8E4E-E47D26C063B6}.Release|x64.ActiveCfg = Release|Any CPU
		{B3FD3867-F4C8-4D63-8E4E-E47D26C063B6}.Release|x64.Build.0 = Release|Any CPU
		{B3FD3867-F4C8-4D63-8E4E-E47D26C063B6}.Release|x86.ActiveCfg = Release|Any CPU
		{B3FD3867-F4C8-4D63-8E4E-E47D26C063B6}.Release|x86.Build.0 = Release|Any CPU
		{D42359DC-9E59-42CE-BFD8-6ABAC2F2D955}.Debug|Any CPU.ActiveCfg = Debug|Any CPU
		{D42359DC-9E59-42CE-BFD8-6ABAC2F2D955}.Debug|Any CPU.Build.0 = Debug|Any CPU
		{D42359DC-9E59-42CE-BFD8-6ABAC2F2D955}.Debug|x64.ActiveCfg = Debug|Any CPU
		{D42359DC-9E59-42CE-BFD8-6ABAC2F2D955}.Debug|x64.Build.0 = Debug|Any CPU
		{D42359DC-9E59-42CE-BFD8-6ABAC2F2D955}.Debug|x86.ActiveCfg = Debug|Any CPU
		{D42359DC-9E59-42CE-BFD8-6ABAC2F2D955}.Debug|x86.Build.0 = Debug|Any CPU
		{D42359DC-9E59-42CE-BFD8-6ABAC2F2D955}.Release|Any CPU.ActiveCfg = Release|Any CPU
		{D42359DC-9E59-42CE-BFD8-6ABAC2F2D955}.Release|Any CPU.Build.0 = Release|Any CPU
		{D42359DC-9E59-42CE-BFD8-6ABAC2F2D955}.Release|x64.ActiveCfg = Release|Any CPU
		{D42359DC-9E59-42CE-BFD8-6ABAC2F2D955}.Release|x64.Build.0 = Release|Any CPU
		{D42359DC-9E59-42CE-BFD8-6ABAC2F2D955}.Release|x86.ActiveCfg = Release|Any CPU
		{D42359DC-9E59-42CE-BFD8-6ABAC2F2D955}.Release|x86.Build.0 = Release|Any CPU
		{A9BE3E26-B525-41FD-AE84-D44B02846B83}.Debug|Any CPU.ActiveCfg = Debug|Any CPU
		{A9BE3E26-B525-41FD-AE84-D44B02846B83}.Debug|Any CPU.Build.0 = Debug|Any CPU
		{A9BE3E26-B525-41FD-AE84-D44B02846B83}.Debug|x64.ActiveCfg = Debug|Any CPU
		{A9BE3E26-B525-41FD-AE84-D44B02846B83}.Debug|x64.Build.0 = Debug|Any CPU
		{A9BE3E26-B525-41FD-AE84-D44B02846B83}.Debug|x86.ActiveCfg = Debug|Any CPU
		{A9BE3E26-B525-41FD-AE84-D44B02846B83}.Debug|x86.Build.0 = Debug|Any CPU
		{A9BE3E26-B525-41FD-AE84-D44B02846B83}.Release|Any CPU.ActiveCfg = Release|Any CPU
		{A9BE3E26-B525-41FD-AE84-D44B02846B83}.Release|Any CPU.Build.0 = Release|Any CPU
		{A9BE3E26-B525-41FD-AE84-D44B02846B83}.Release|x64.ActiveCfg = Release|Any CPU
		{A9BE3E26-B525-41FD-AE84-D44B02846B83}.Release|x64.Build.0 = Release|Any CPU
		{A9BE3E26-B525-41FD-AE84-D44B02846B83}.Release|x86.ActiveCfg = Release|Any CPU
		{A9BE3E26-B525-41FD-AE84-D44B02846B83}.Release|x86.Build.0 = Release|Any CPU
		{5EC81DC9-4123-4C88-9611-BF8E60726A20}.Debug|Any CPU.ActiveCfg = Debug|Any CPU
		{5EC81DC9-4123-4C88-9611-BF8E60726A20}.Debug|Any CPU.Build.0 = Debug|Any CPU
		{5EC81DC9-4123-4C88-9611-BF8E60726A20}.Debug|x64.ActiveCfg = Debug|Any CPU
		{5EC81DC9-4123-4C88-9611-BF8E60726A20}.Debug|x64.Build.0 = Debug|Any CPU
		{5EC81DC9-4123-4C88-9611-BF8E60726A20}.Debug|x86.ActiveCfg = Debug|Any CPU
		{5EC81DC9-4123-4C88-9611-BF8E60726A20}.Debug|x86.Build.0 = Debug|Any CPU
		{5EC81DC9-4123-4C88-9611-BF8E60726A20}.Release|Any CPU.ActiveCfg = Release|Any CPU
		{5EC81DC9-4123-4C88-9611-BF8E60726A20}.Release|Any CPU.Build.0 = Release|Any CPU
		{5EC81DC9-4123-4C88-9611-BF8E60726A20}.Release|x64.ActiveCfg = Release|Any CPU
		{5EC81DC9-4123-4C88-9611-BF8E60726A20}.Release|x64.Build.0 = Release|Any CPU
		{5EC81DC9-4123-4C88-9611-BF8E60726A20}.Release|x86.ActiveCfg = Release|Any CPU
		{5EC81DC9-4123-4C88-9611-BF8E60726A20}.Release|x86.Build.0 = Release|Any CPU
		{CBB97AE1-F993-472E-8AF7-7137F32EEE1E}.Debug|Any CPU.ActiveCfg = Debug|Any CPU
		{CBB97AE1-F993-472E-8AF7-7137F32EEE1E}.Debug|Any CPU.Build.0 = Debug|Any CPU
		{CBB97AE1-F993-472E-8AF7-7137F32EEE1E}.Debug|x64.ActiveCfg = Debug|Any CPU
		{CBB97AE1-F993-472E-8AF7-7137F32EEE1E}.Debug|x64.Build.0 = Debug|Any CPU
		{CBB97AE1-F993-472E-8AF7-7137F32EEE1E}.Debug|x86.ActiveCfg = Debug|Any CPU
		{CBB97AE1-F993-472E-8AF7-7137F32EEE1E}.Debug|x86.Build.0 = Debug|Any CPU
		{CBB97AE1-F993-472E-8AF7-7137F32EEE1E}.Release|Any CPU.ActiveCfg = Release|Any CPU
		{CBB97AE1-F993-472E-8AF7-7137F32EEE1E}.Release|Any CPU.Build.0 = Release|Any CPU
		{CBB97AE1-F993-472E-8AF7-7137F32EEE1E}.Release|x64.ActiveCfg = Release|Any CPU
		{CBB97AE1-F993-472E-8AF7-7137F32EEE1E}.Release|x64.Build.0 = Release|Any CPU
		{CBB97AE1-F993-472E-8AF7-7137F32EEE1E}.Release|x86.ActiveCfg = Release|Any CPU
		{CBB97AE1-F993-472E-8AF7-7137F32EEE1E}.Release|x86.Build.0 = Release|Any CPU
		{0E10515D-9C81-45C9-B21F-6C78F3612616}.Debug|Any CPU.ActiveCfg = Debug|Any CPU
		{0E10515D-9C81-45C9-B21F-6C78F3612616}.Debug|Any CPU.Build.0 = Debug|Any CPU
		{0E10515D-9C81-45C9-B21F-6C78F3612616}.Debug|x64.ActiveCfg = Debug|Any CPU
		{0E10515D-9C81-45C9-B21F-6C78F3612616}.Debug|x64.Build.0 = Debug|Any CPU
		{0E10515D-9C81-45C9-B21F-6C78F3612616}.Debug|x86.ActiveCfg = Debug|Any CPU
		{0E10515D-9C81-45C9-B21F-6C78F3612616}.Debug|x86.Build.0 = Debug|Any CPU
		{0E10515D-9C81-45C9-B21F-6C78F3612616}.Release|Any CPU.ActiveCfg = Release|Any CPU
		{0E10515D-9C81-45C9-B21F-6C78F3612616}.Release|Any CPU.Build.0 = Release|Any CPU
		{0E10515D-9C81-45C9-B21F-6C78F3612616}.Release|x64.ActiveCfg = Release|Any CPU
		{0E10515D-9C81-45C9-B21F-6C78F3612616}.Release|x64.Build.0 = Release|Any CPU
		{0E10515D-9C81-45C9-B21F-6C78F3612616}.Release|x86.ActiveCfg = Release|Any CPU
		{0E10515D-9C81-45C9-B21F-6C78F3612616}.Release|x86.Build.0 = Release|Any CPU
	EndGlobalSection
	GlobalSection(SolutionProperties) = preSolution
		HideSolutionNode = FALSE
	EndGlobalSection
	GlobalSection(NestedProjects) = preSolution
		{69E74432-5BB6-462D-BD82-CD0657F54D16} = {827E0CD3-B72D-47B6-A68D-7590B98EB39B}
		{63974F49-5DD6-4E98-B7AC-61A295FEA70D} = {827E0CD3-B72D-47B6-A68D-7590B98EB39B}
		{6C14366A-0966-42FD-9D30-D44005FB8B0F} = {827E0CD3-B72D-47B6-A68D-7590B98EB39B}
		{2C7E025A-03AF-4189-A6AF-09882B8393E2} = {827E0CD3-B72D-47B6-A68D-7590B98EB39B}
		{073076DF-0868-4F0F-8661-1FA594413456} = {827E0CD3-B72D-47B6-A68D-7590B98EB39B}
		{70EC7FCB-D844-4A4B-B2BE-BF112716F729} = {827E0CD3-B72D-47B6-A68D-7590B98EB39B}
		{4A9FF86C-3607-4B32-8376-B9FE5BDA5B63} = {827E0CD3-B72D-47B6-A68D-7590B98EB39B}
		{DDBCFCA0-743C-4127-A32D-61BC1F9DE6AC} = {827E0CD3-B72D-47B6-A68D-7590B98EB39B}
		{B3FD3867-F4C8-4D63-8E4E-E47D26C063B6} = {827E0CD3-B72D-47B6-A68D-7590B98EB39B}
		{D42359DC-9E59-42CE-BFD8-6ABAC2F2D955} = {827E0CD3-B72D-47B6-A68D-7590B98EB39B}
		{A9BE3E26-B525-41FD-AE84-D44B02846B83} = {827E0CD3-B72D-47B6-A68D-7590B98EB39B}
		{5EC81DC9-4123-4C88-9611-BF8E60726A20} = {0AB3BF05-4346-4AA6-1389-037BE0695223}
		{CBB97AE1-F993-472E-8AF7-7137F32EEE1E} = {0AB3BF05-4346-4AA6-1389-037BE0695223}
		{0E10515D-9C81-45C9-B21F-6C78F3612616} = {5D20AA90-6969-D8BD-9DCD-8634F4692FDA}
	EndGlobalSection
EndGlobal
